Microsoft Visual Studio Solution File, Format Version 11.00
# Visual Studio 2010
Project("{FAE04EC0-301F-11D3-BF4B-00C04F79EFBC}") = "Assembly-CSharp", "Assembly-CSharp.csproj", "{A8522893-B324-8DF4-12A4-61DFCF12786D}"
EndProject
Project("{FAE04EC0-301F-11D3-BF4B-00C04F79EFBC}") = "Assembly-CSharp-Editor", "Assembly-CSharp-Editor.csproj", "{FFAF2749-8171-E5FD-04AB-AE1BFC610B32}"
EndProject
Global
	GlobalSection(SolutionConfigurationPlatforms) = preSolution
		Debug|Any CPU = Debug|Any CPU
		Release|Any CPU = Release|Any CPU
	EndGlobalSection
	GlobalSection(ProjectConfigurationPlatforms) = postSolution
		{A8522893-B324-8DF4-12A4-61DFCF12786D}.Debug|Any CPU.ActiveCfg = Debug|Any CPU
		{A8522893-B324-8DF4-12A4-61DFCF12786D}.Debug|Any CPU.Build.0 = Debug|Any CPU
		{A8522893-B324-8DF4-12A4-61DFCF12786D}.Release|Any CPU.ActiveCfg = Release|Any CPU
		{A8522893-B324-8DF4-12A4-61DFCF12786D}.Release|Any CPU.Build.0 = Release|Any CPU
		{FFAF2749-8171-E5FD-04AB-AE1BFC610B32}.Debug|Any CPU.ActiveCfg = Debug|Any CPU
		{FFAF2749-8171-E5FD-04AB-AE1BFC610B32}.Debug|Any CPU.Build.0 = Debug|Any CPU
		{FFAF2749-8171-E5FD-04AB-AE1BFC610B32}.Release|Any CPU.ActiveCfg = Release|Any CPU
		{FFAF2749-8171-E5FD-04AB-AE1BFC610B32}.Release|Any CPU.Build.0 = Release|Any CPU
	EndGlobalSection
	GlobalSection(SolutionProperties) = preSolution
		HideSolutionNode = FALSE
	EndGlobalSection
	GlobalSection(MonoDevelopProperties) = preSolution
		StartupItem = Assembly-CSharp.csproj
	EndGlobalSection
EndGlobal
